// !$*UTF8*$!
{
	archiveVersion = 1;
	classes = {
	};
	objectVersion = 50;
	objects = {

/* Begin PBXBuildFile section */
		DBB15DEE2245C63E008B6C94 /* AppDelegate.swift in Sources */ = {isa = PBXBuildFile; fileRef = DBB15DED2245C63E008B6C94 /* AppDelegate.swift */; };
		DBB15DF02245C63E008B6C94 /* ViewController.swift in Sources */ = {isa = PBXBuildFile; fileRef = DBB15DEF2245C63E008B6C94 /* ViewController.swift */; };
		DBB15DF32245C63F008B6C94 /* Main.storyboard in Resources */ = {isa = PBXBuildFile; fileRef = DBB15DF12245C63F008B6C94 /* Main.storyboard */; };
		DBB15DF52245C640008B6C94 /* Assets.xcassets in Resources */ = {isa = PBXBuildFile; fileRef = DBB15DF42245C640008B6C94 /* Assets.xcassets */; };
		DBB15DF82245C640008B6C94 /* LaunchScreen.storyboard in Resources */ = {isa = PBXBuildFile; fileRef = DBB15DF62245C640008B6C94 /* LaunchScreen.storyboard */; };
		DBB15E032245C640008B6C94 /* hw1Tests.swift in Sources */ = {isa = PBXBuildFile; fileRef = DBB15E022245C640008B6C94 /* hw1Tests.swift */; };
		DBB15E0E2245C640008B6C94 /* hw1UITests.swift in Sources */ = {isa = PBXBuildFile; fileRef = DBB15E0D2245C640008B6C94 /* hw1UITests.swift */; };
		DBD902DC2245D99800ABC7ED /* 2.jpg in Resources */ = {isa = PBXBuildFile; fileRef = DBD902DB2245D99800ABC7ED /* 2.jpg */; };
		DBD902E22245DAA300ABC7ED /* 1.jpg in Resources */ = {isa = PBXBuildFile; fileRef = DBD902E12245DAA300ABC7ED /* 1.jpg */; };
		DBD902E42245DB0D00ABC7ED /* 3.png in Resources */ = {isa = PBXBuildFile; fileRef = DBD902E32245DB0C00ABC7ED /* 3.png */; };
		DBD902E62245DC3900ABC7ED /* 4.jpg in Resources */ = {isa = PBXBuildFile; fileRef = DBD902E52245DC3800ABC7ED /* 4.jpg */; };
		DBD902E82245DD1100ABC7ED /* 5.jpg in Resources */ = {isa = PBXBuildFile; fileRef = DBD902E72245DD1100ABC7ED /* 5.jpg */; };
		DBD902EA2245DFBF00ABC7ED /* 6.png in Resources */ = {isa = PBXBuildFile; fileRef = DBD902E92245DFBF00ABC7ED /* 6.png */; };
/* End PBXBuildFile section */

/* Begin PBXContainerItemProxy section */
		DBB15DFF2245C640008B6C94 /* PBXContainerItemProxy */ = {
			isa = PBXContainerItemProxy;
			containerPortal = DBB15DE22245C63E008B6C94 /* Project object */;
			proxyType = 1;
			remoteGlobalIDString = DBB15DE92245C63E008B6C94;
			remoteInfo = hw1;
		};
		DBB15E0A2245C640008B6C94 /* PBXContainerItemProxy */ = {
			isa = PBXContainerItemProxy;
			containerPortal = DBB15DE22245C63E008B6C94 /* Project object */;
			proxyType = 1;
			remoteGlobalIDString = DBB15DE92245C63E008B6C94;
			remoteInfo = hw1;
		};
/* End PBXContainerItemProxy section */

/* Begin PBXFileReference section */
		DBB15DEA2245C63E008B6C94 /* hw1.app */ = {isa = PBXFileReference; explicitFileType = wrapper.application; includeInIndex = 0; path = hw1.app; sourceTree = BUILT_PRODUCTS_DIR; };
		DBB15DED2245C63E008B6C94 /* AppDelegate.swift */ = {isa = PBXFileReference; lastKnownFileType = sourcecode.swift; path = AppDelegate.swift; sourceTree = "<group>"; };
		DBB15DEF2245C63E008B6C94 /* ViewController.swift */ = {isa = PBXFileReference; lastKnownFileType = sourcecode.swift; path = ViewController.swift; sourceTree = "<group>"; };
		DBB15DF22245C63F008B6C94 /* Base */ = {isa = PBXFileReference; lastKnownFileType = file.storyboard; name = Base; path = Base.lproj/Main.storyboard; sourceTree = "<group>"; };
		DBB15DF42245C640008B6C94 /* Assets.xcassets */ = {isa = PBXFileReference; lastKnownFileType = folder.assetcatalog; path = Assets.xcassets; sourceTree = "<group>"; };
		DBB15DF72245C640008B6C94 /* Base */ = {isa = PBXFileReference; lastKnownFileType = file.storyboard; name = Base; path = Base.lproj/LaunchScreen.storyboard; sourceTree = "<group>"; };
		DBB15DF92245C640008B6C94 /* Info.plist */ = {isa = PBXFileReference; lastKnownFileType = text.plist.xml; path = Info.plist; sourceTree = "<group>"; };
		DBB15DFE2245C640008B6C94 /* hw1Tests.xctest */ = {isa = PBXFileReference; explicitFileType = wrapper.cfbundle; includeInIndex = 0; path = hw1Tests.xctest; sourceTree = BUILT_PRODUCTS_DIR; };
		DBB15E022245C640008B6C94 /* hw1Tests.swift */ = {isa = PBXFileReference; lastKnownFileType = sourcecode.swift; path = hw1Tests.swift; sourceTree = "<group>"; };
		DBB15E042245C640008B6C94 /* Info.plist */ = {isa = PBXFileReference; lastKnownFileType = text.plist.xml; path = Info.plist; sourceTree = "<group>"; };
		DBB15E092245C640008B6C94 /* hw1UITests.xctest */ = {isa = PBXFileReference; explicitFileType = wrapper.cfbundle; includeInIndex = 0; path = hw1UITests.xctest; sourceTree = BUILT_PRODUCTS_DIR; };
		DBB15E0D2245C640008B6C94 /* hw1UITests.swift */ = {isa = PBXFileReference; lastKnownFileType = sourcecode.swift; path = hw1UITests.swift; sourceTree = "<group>"; };
		DBB15E0F2245C640008B6C94 /* Info.plist */ = {isa = PBXFileReference; lastKnownFileType = text.plist.xml; path = Info.plist; sourceTree = "<group>"; };
		DBD902DB2245D99800ABC7ED /* 2.jpg */ = {isa = PBXFileReference; lastKnownFileType = image.jpeg; path = 2.jpg; sourceTree = "<group>"; };
		DBD902E12245DAA300ABC7ED /* 1.jpg */ = {isa = PBXFileReference; lastKnownFileType = image.jpeg; path = 1.jpg; sourceTree = "<group>"; };
		DBD902E32245DB0C00ABC7ED /* 3.png */ = {isa = PBXFileReference; lastKnownFileType = image.png; path = 3.png; sourceTree = "<group>"; };
		DBD902E52245DC3800ABC7ED /* 4.jpg */ = {isa = PBXFileReference; lastKnownFileType = image.jpeg; path = 4.jpg; sourceTree = "<group>"; };
		DBD902E72245DD1100ABC7ED /* 5.jpg */ = {isa = PBXFileReference; lastKnownFileType = image.jpeg; path = 5.jpg; sourceTree = "<group>"; };
		DBD902E92245DFBF00ABC7ED /* 6.png */ = {isa = PBXFileReference; lastKnownFileType = image.png; path = 6.png; sourceTree = "<group>"; };
/* End PBXFileReference section */

/* Begin PBXFrameworksBuildPhase section */
		DBB15DE72245C63E008B6C94 /* Frameworks */ = {
			isa = PBXFrameworksBuildPhase;
			buildActionMask = 2147483647;
			files = (
			);
			runOnlyForDeploymentPostprocessing = 0;
		};
		DBB15DFB2245C640008B6C94 /* Frameworks */ = {
			isa = PBXFrameworksBuildPhase;
			buildActionMask = 2147483647;
			files = (
			);
			runOnlyForDeploymentPostprocessing = 0;
		};
		DBB15E062245C640008B6C94 /* Frameworks */ = {
			isa = PBXFrameworksBuildPhase;
			buildActionMask = 2147483647;
			files = (
			);
			runOnlyForDeploymentPostprocessing = 0;
		};
/* End PBXFrameworksBuildPhase section */

/* Begin PBXGroup section */
		DBB15DE12245C63E008B6C94 = {
			isa = PBXGroup;
			children = (
				DBB15DEC2245C63E008B6C94 /* hw1 */,
				DBB15E012245C640008B6C94 /* hw1Tests */,
				DBB15E0C2245C640008B6C94 /* hw1UITests */,
				DBB15DEB2245C63E008B6C94 /* Products */,
			);
			sourceTree = "<group>";
		};
		DBB15DEB2245C63E008B6C94 /* Products */ = {
			isa = PBXGroup;
			children = (
				DBB15DEA2245C63E008B6C94 /* hw1.app */,
				DBB15DFE2245C640008B6C94 /* hw1Tests.xctest */,
				DBB15E092245C640008B6C94 /* hw1UITests.xctest */,
			);
			name = Products;
			sourceTree = "<group>";
		};
		DBB15DEC2245C63E008B6C94 /* hw1 */ = {
			isa = PBXGroup;
			children = (
				DBD902E32245DB0C00ABC7ED /* 3.png */,
				DBD902E52245DC3800ABC7ED /* 4.jpg */,
				DBD902E72245DD1100ABC7ED /* 5.jpg */,
				DBD902E92245DFBF00ABC7ED /* 6.png */,
				DBD902E12245DAA300ABC7ED /* 1.jpg */,
				DBD902DB2245D99800ABC7ED /* 2.jpg */,
				DBB15DED2245C63E008B6C94 /* AppDelegate.swift */,
				DBB15DEF2245C63E008B6C94 /* ViewController.swift */,
				DBB15DF12245C63F008B6C94 /* Main.storyboard */,
				DBB15DF42245C640008B6C94 /* Assets.xcassets */,
				DBB15DF62245C640008B6C94 /* LaunchScreen.storyboard */,
				DBB15DF92245C640008B6C94 /* Info.plist */,
			);
			path = hw1;
			sourceTree = "<group>";
		};
		DBB15E012245C640008B6C94 /* hw1Tests */ = {
			isa = PBXGroup;
			children = (
				DBB15E022245C640008B6C94 /* hw1Tests.swift */,
				DBB15E042245C640008B6C94 /* Info.plist */,
			);
			path = hw1Tests;
			sourceTree = "<group>";
		};
		DBB15E0C2245C640008B6C94 /* hw1UITests */ = {
			isa = PBXGroup;
			children = (
				DBB15E0D2245C640008B6C94 /* hw1UITests.swift */,
				DBB15E0F2245C640008B6C94 /* Info.plist */,
			);
			path = hw1UITests;
			sourceTree = "<group>";
		};
/* End PBXGroup section */

/* Begin PBXNativeTarget section */
		DBB15DE92245C63E008B6C94 /* hw1 */ = {
			isa = PBXNativeTarget;
			buildConfigurationList = DBB15E122245C640008B6C94 /* Build configuration list for PBXNativeTarget "hw1" */;
			buildPhases = (
				DBB15DE62245C63E008B6C94 /* Sources */,
				DBB15DE72245C63E008B6C94 /* Frameworks */,
				DBB15DE82245C63E008B6C94 /* Resources */,
			);
			buildRules = (
			);
			dependencies = (
			);
			name = hw1;
			productName = hw1;
			productReference = DBB15DEA2245C63E008B6C94 /* hw1.app */;
			productType = "com.apple.product-type.application";
		};
		DBB15DFD2245C640008B6C94 /* hw1Tests */ = {
			isa = PBXNativeTarget;
			buildConfigurationList = DBB15E152245C640008B6C94 /* Build configuration list for PBXNativeTarget "hw1Tests" */;
			buildPhases = (
				DBB15DFA2245C640008B6C94 /* Sources */,
				DBB15DFB2245C640008B6C94 /* Frameworks */,
				DBB15DFC2245C640008B6C94 /* Resources */,
			);
			buildRules = (
			);
			dependencies = (
				DBB15E002245C640008B6C94 /* PBXTargetDependency */,
			);
			name = hw1Tests;
			productName = hw1Tests;
			productReference = DBB15DFE2245C640008B6C94 /* hw1Tests.xctest */;
			productType = "com.apple.product-type.bundle.unit-test";
		};
		DBB15E082245C640008B6C94 /* hw1UITests */ = {
			isa = PBXNativeTarget;
			buildConfigurationList = DBB15E182245C640008B6C94 /* Build configuration list for PBXNativeTarget "hw1UITests" */;
			buildPhases = (
				DBB15E052245C640008B6C94 /* Sources */,
				DBB15E062245C640008B6C94 /* Frameworks */,
				DBB15E072245C640008B6C94 /* Resources */,
			);
			buildRules = (
			);
			dependencies = (
				DBB15E0B2245C640008B6C94 /* PBXTargetDependency */,
			);
			name = hw1UITests;
			productName = hw1UITests;
			productReference = DBB15E092245C640008B6C94 /* hw1UITests.xctest */;
			productType = "com.apple.product-type.bundle.ui-testing";
		};
/* End PBXNativeTarget section */

/* Begin PBXProject section */
		DBB15DE22245C63E008B6C94 /* Project object */ = {
			isa = PBXProject;
			attributes = {
				LastSwiftUpdateCheck = 1010;
				LastUpgradeCheck = 1010;
				ORGANIZATIONNAME = "方九毅";
				TargetAttributes = {
					DBB15DE92245C63E008B6C94 = {
						CreatedOnToolsVersion = 10.1;
					};
					DBB15DFD2245C640008B6C94 = {
						CreatedOnToolsVersion = 10.1;
						TestTargetID = DBB15DE92245C63E008B6C94;
					};
					DBB15E082245C640008B6C94 = {
						CreatedOnToolsVersion = 10.1;
						TestTargetID = DBB15DE92245C63E008B6C94;
					};
				};
			};
			buildConfigurationList = DBB15DE52245C63E008B6C94 /* Build configuration list for PBXProject "hw1" */;
			compatibilityVersion = "Xcode 9.3";
			developmentRegion = en;
			hasScannedForEncodings = 0;
			knownRegions = (
				en,
				Base,
			);
			mainGroup = DBB15DE12245C63E008B6C94;
			productRefGroup = DBB15DEB2245C63E008B6C94 /* Products */;
			projectDirPath = "";
			projectRoot = "";
			targets = (
				DBB15DE92245C63E008B6C94 /* hw1 */,
				DBB15DFD2245C640008B6C94 /* hw1Tests */,
				DBB15E082245C640008B6C94 /* hw1UITests */,
			);
		};
/* End PBXProject section */

/* Begin PBXResourcesBuildPhase section */
		DBB15DE82245C63E008B6C94 /* Resources */ = {
			isa = PBXResourcesBuildPhase;
			buildActionMask = 2147483647;
			files = (
				DBB15DF82245C640008B6C94 /* LaunchScreen.storyboard in Resources */,
				DBD902E82245DD1100ABC7ED /* 5.jpg in Resources */,
				DBD902E62245DC3900ABC7ED /* 4.jpg in Resources */,
				DBD902EA2245DFBF00ABC7ED /* 6.png in Resources */,
				DBD902DC2245D99800ABC7ED /* 2.jpg in Resources */,
				DBB15DF52245C640008B6C94 /* Assets.xcassets in Resources */,
				DBD902E42245DB0D00ABC7ED /* 3.png in Resources */,
				DBB15DF32245C63F008B6C94 /* Main.storyboard in Resources */,
				DBD902E22245DAA300ABC7ED /* 1.jpg in Resources */,
			);
			runOnlyForDeploymentPostprocessing = 0;
		};
		DBB15DFC2245C640008B6C94 /* Resources */ = {
			isa = PBXResourcesBuildPhase;
			buildActionMask = 2147483647;
			files = (
			);
			runOnlyForDeploymentPostprocessing = 0;
		};
		DBB15E072245C640008B6C94 /* Resources */ = {
			isa = PBXResourcesBuildPhase;
			buildActionMask = 2147483647;
			files = (
			);
			runOnlyForDeploymentPostprocessing = 0;
		};
/* End PBXResourcesBuildPhase section */

/* Begin PBXSourcesBuildPhase section */
		DBB15DE62245C63E008B6C94 /* Sources */ = {
			isa = PBXSourcesBuildPhase;
			buildActionMask = 2147483647;
			files = (
				DBB15DF02245C63E008B6C94 /* ViewController.swift in Sources */,
				DBB15DEE2245C63E008B6C94 /* AppDelegate.swift in Sources */,
			);
			runOnlyForDeploymentPostprocessing = 0;
		};
		DBB15DFA2245C640008B6C94 /* Sources */ = {
			isa = PBXSourcesBuildPhase;
			buildActionMask = 2147483647;
			files = (
				DBB15E032245C640008B6C94 /* hw1Tests.swift in Sources */,
			);
			runOnlyForDeploymentPostprocessing = 0;
		};
		DBB15E052245C640008B6C94 /* Sources */ = {
			isa = PBXSourcesBuildPhase;
			buildActionMask = 2147483647;
			files = (
				DBB15E0E2245C640008B6C94 /* hw1UITests.swift in Sources */,
			);
			runOnlyForDeploymentPostprocessing = 0;
		};
/* End PBXSourcesBuildPhase section */

/* Begin PBXTargetDependency section */
		DBB15E002245C640008B6C94 /* PBXTargetDependency */ = {
			isa = PBXTargetDependency;
			target = DBB15DE92245C63E008B6C94 /* hw1 */;
			targetProxy = DBB15DFF2245C640008B6C94 /* PBXContainerItemProxy */;
		};
		DBB15E0B2245C640008B6C94 /* PBXTargetDependency */ = {
			isa = PBXTargetDependency;
			target = DBB15DE92245C63E008B6C94 /* hw1 */;
			targetProxy = DBB15E0A2245C640008B6C94 /* PBXContainerItemProxy */;
		};
/* End PBXTargetDependency section */

/* Begin PBXVariantGroup section */
		DBB15DF12245C63F008B6C94 /* Main.storyboard */ = {
			isa = PBXVariantGroup;
			children = (
				DBB15DF22245C63F008B6C94 /* Base */,
			);
			name = Main.storyboard;
			sourceTree = "<group>";
		};
		DBB15DF62245C640008B6C94 /* LaunchScreen.storyboard */ = {
			isa = PBXVariantGroup;
			children = (
				DBB15DF72245C640008B6C94 /* Base */,
			);
			name = LaunchScreen.storyboard;
			sourceTree = "<group>";
		};
/* End PBXVariantGroup section */

/* Begin XCBuildConfiguration section */
		DBB15E102245C640008B6C94 /* Debug */ = {
			isa = XCBuildConfiguration;
			buildSettings = {
				ALWAYS_SEARCH_USER_PATHS = NO;
				CLANG_ANALYZER_NONNULL = YES;
				CLANG_ANALYZER_NUMBER_OBJECT_CONVERSION = YES_AGGRESSIVE;
				CLANG_CXX_LANGUAGE_STANDARD = "gnu++14";
				CLANG_CXX_LIBRARY = "libc++";
				CLANG_ENABLE_MODULES = YES;
				CLANG_ENABLE_OBJC_ARC = YES;
				CLANG_ENABLE_OBJC_WEAK = YES;
				CLANG_WARN_BLOCK_CAPTURE_AUTORELEASING = YES;
				CLANG_WARN_BOOL_CONVERSION = YES;
				CLANG_WARN_COMMA = YES;
				CLANG_WARN_CONSTANT_CONVERSION = YES;
				CLANG_WARN_DEPRECATED_OBJC_IMPLEMENTATIONS = YES;
				CLANG_WARN_DIRECT_OBJC_ISA_USAGE = YES_ERROR;
				CLANG_WARN_DOCUMENTATION_COMMENTS = YES;
				CLANG_WARN_EMPTY_BODY = YES;
				CLANG_WARN_ENUM_CONVERSION = YES;
				CLANG_WARN_INFINITE_RECURSION = YES;
				CLANG_WARN_INT_CONVERSION = YES;
				CLANG_WARN_NON_LITERAL_NULL_CONVERSION = YES;
				CLANG_WARN_OBJC_IMPLICIT_RETAIN_SELF = YES;
				CLANG_WARN_OBJC_LITERAL_CONVERSION = YES;
				CLANG_WARN_OBJC_ROOT_CLASS = YES_ERROR;
				CLANG_WARN_RANGE_LOOP_ANALYSIS = YES;
				CLANG_WARN_STRICT_PROTOTYPES = YES;
				CLANG_WARN_SUSPICIOUS_MOVE = YES;
				CLANG_WARN_UNGUARDED_AVAILABILITY = YES_AGGRESSIVE;
				CLANG_WARN_UNREACHABLE_CODE = YES;
				CLANG_WARN__DUPLICATE_METHOD_MATCH = YES;
				CODE_SIGN_IDENTITY = "iPhone Developer";
				COPY_PHASE_STRIP = NO;
				DEBUG_INFORMATION_FORMAT = dwarf;
				ENABLE_STRICT_OBJC_MSGSEND = YES;
				ENABLE_TESTABILITY = YES;
				GCC_C_LANGUAGE_STANDARD = gnu11;
				GCC_DYNAMIC_NO_PIC = NO;
				GCC_NO_COMMON_BLOCKS = YES;
				GCC_OPTIMIZATION_LEVEL = 0;
				GCC_PREPROCESSOR_DEFINITIONS = (
					"DEBUG=1",
					"$(inherited)",
				);
				GCC_WARN_64_TO_32_BIT_CONVERSION = YES;
				GCC_WARN_ABOUT_RETURN_TYPE = YES_ERROR;
				GCC_WARN_UNDECLARED_SELECTOR = YES;
				GCC_WARN_UNINITIALIZED_AUTOS = YES_AGGRESSIVE;
				GCC_WARN_UNUSED_FUNCTION = YES;
				GCC_WARN_UNUSED_VARIABLE = YES;
				IPHONEOS_DEPLOYMENT_TARGET = 12.1;
				MTL_ENABLE_DEBUG_INFO = INCLUDE_SOURCE;
				MTL_FAST_MATH = YES;
				ONLY_ACTIVE_ARCH = YES;
				SDKROOT = iphoneos;
				SWIFT_ACTIVE_COMPILATION_CONDITIONS = DEBUG;
				SWIFT_OPTIMIZATION_LEVEL = "-Onone";
			};
			name = Debug;
		};
		DBB15E112245C640008B6C94 /* Release */ = {
			isa = XCBuildConfiguration;
			buildSettings = {
				ALWAYS_SEARCH_USER_PATHS = NO;
				CLANG_ANALYZER_NONNULL = YES;
				CLANG_ANALYZER_NUMBER_OBJECT_CONVERSION = YES_AGGRESSIVE;
				CLANG_CXX_LANGUAGE_STANDARD = "gnu++14";
				CLANG_CXX_LIBRARY = "libc++";
				CLANG_ENABLE_MODULES = YES;
				CLANG_ENABLE_OBJC_ARC = YES;
				CLANG_ENABLE_OBJC_WEAK = YES;
				CLANG_WARN_BLOCK_CAPTURE_AUTORELEASING = YES;
				CLANG_WARN_BOOL_CONVERSION = YES;
				CLANG_WARN_COMMA = YES;
				CLANG_WARN_CONSTANT_CONVERSION = YES;
				CLANG_WARN_DEPRECATED_OBJC_IMPLEMENTATIONS = YES;
				CLANG_WARN_DIRECT_OBJC_ISA_USAGE = YES_ERROR;
				CLANG_WARN_DOCUMENTATION_COMMENTS = YES;
				CLANG_WARN_EMPTY_BODY = YES;
				CLANG_WARN_ENUM_CONVERSION = YES;
				CLANG_WARN_INFINITE_RECURSION = YES;
				CLANG_WARN_INT_CONVERSION = YES;
				CLANG_WARN_NON_LITERAL_NULL_CONVERSION = YES;
				CLANG_WARN_OBJC_IMPLICIT_RETAIN_SELF = YES;
				CLANG_WARN_OBJC_LITERAL_CONVERSION = YES;
				CLANG_WARN_OBJC_ROOT_CLASS = YES_ERROR;
				CLANG_WARN_RANGE_LOOP_ANALYSIS = YES;
				CLANG_WARN_STRICT_PROTOTYPES = YES;
				CLANG_WARN_SUSPICIOUS_MOVE = YES;
				CLANG_WARN_UNGUARDED_AVAILABILITY = YES_AGGRESSIVE;
				CLANG_WARN_UNREACHABLE_CODE = YES;
				CLANG_WARN__DUPLICATE_METHOD_MATCH = YES;
				CODE_SIGN_IDENTITY = "iPhone Developer";
				COPY_PHASE_STRIP = NO;
				DEBUG_INFORMATION_FORMAT = "dwarf-with-dsym";
				ENABLE_NS_ASSERTIONS = NO;
				ENABLE_STRICT_OBJC_MSGSEND = YES;
				GCC_C_LANGUAGE_STANDARD = gnu11;
				GCC_NO_COMMON_BLOCKS = YES;
				GCC_WARN_64_TO_32_BIT_CONVERSION = YES;
				GCC_WARN_ABOUT_RETURN_TYPE = YES_ERROR;
				GCC_WARN_UNDECLARED_SELECTOR = YES;
				GCC_WARN_UNINITIALIZED_AUTOS = YES_AGGRESSIVE;
				GCC_WARN_UNUSED_FUNCTION = YES;
				GCC_WARN_UNUSED_VARIABLE = YES;
				IPHONEOS_DEPLOYMENT_TARGET = 12.1;
				MTL_ENABLE_DEBUG_INFO = NO;
				MTL_FAST_MATH = YES;
				SDKROOT = iphoneos;
				SWIFT_COMPILATION_MODE = wholemodule;
				SWIFT_OPTIMIZATION_LEVEL = "-O";
				VALIDATE_PRODUCT = YES;
			};
			name = Release;
		};
		DBB15E132245C640008B6C94 /* Debug */ = {
			isa = XCBuildConfiguration;
			buildSettings = {
				ASSETCATALOG_COMPILER_APPICON_NAME = AppIcon;
				CODE_SIGN_STYLE = Automatic;
				INFOPLIST_FILE = hw1/Info.plist;
				LD_RUNPATH_SEARCH_PATHS = (
					"$(inherited)",
					"@executable_path/Frameworks",
				);
				PRODUCT_BUNDLE_IDENTIFIER = "-121.hw1";
				PRODUCT_NAME = "$(TARGET_NAME)";
				SWIFT_VERSION = 4.2;
				TARGETED_DEVICE_FAMILY = "1,2";
			};
			name = Debug;
		};
		DBB15E142245C640008B6C94 /* Release */ = {
			isa = XCBuildConfiguration;
			buildSettings = {
				ASSETCATALOG_COMPILER_APPICON_NAME = AppIcon;
				CODE_SIGN_STYLE = Automatic;
				INFOPLIST_FILE = hw1/Info.plist;
				LD_RUNPATH_SEARCH_PATHS = (
					"$(inherited)",
					"@executable_path/Frameworks",
				);
				PRODUCT_BUNDLE_IDENTIFIER = "-121.hw1";
				PRODUCT_NAME = "$(TARGET_NAME)";
				SWIFT_VERSION = 4.2;
				TARGETED_DEVICE_FAMILY = "1,2";
			};
			name = Release;
		};
		DBB15E162245C640008B6C94 /* Debug */ = {
			isa = XCBuildConfiguration;
			buildSettings = {
				ALWAYS_EMBED_SWIFT_STANDARD_LIBRARIES = YES;
				BUNDLE_LOADER = "$(TEST_HOST)";
				CODE_SIGN_STYLE = Automatic;
				INFOPLIST_FILE = hw1Tests/Info.plist;
				LD_RUNPATH_SEARCH_PATHS = (
					"$(inherited)",
					"@executable_path/Frameworks",
					"@loader_path/Frameworks",
				);
				PRODUCT_BUNDLE_IDENTIFIER = "-121.hw1Tests";
				PRODUCT_NAME = "$(TARGET_NAME)";
				SWIFT_VERSION = 4.2;
				TARGETED_DEVICE_FAMILY = "1,2";
				TEST_HOST = "$(BUILT_PRODUCTS_DIR)/hw1.app/hw1";
			};
			name = Debug;
		};
		DBB15E172245C640008B6C94 /* Release */ = {
			isa = XCBuildConfiguration;
			buildSettings = {
				ALWAYS_EMBED_SWIFT_STANDARD_LIBRARIES = YES;
				BUNDLE_LOADER = "$(TEST_HOST)";
				CODE_SIGN_STYLE = Automatic;
				INFOPLIST_FILE = hw1Tests/Info.plist;
				LD_RUNPATH_SEARCH_PATHS = (
					"$(inherited)",
					"@executable_path/Frameworks",
					"@loader_path/Frameworks",
				);
				PRODUCT_BUNDLE_IDENTIFIER = "-121.hw1Tests";
				PRODUCT_NAME = "$(TARGET_NAME)";
				SWIFT_VERSION = 4.2;
				TARGETED_DEVICE_FAMILY = "1,2";
				TEST_HOST = "$(BUILT_PRODUCTS_DIR)/hw1.app/hw1";
			};
			name = Release;
		};
		DBB15E192245C640008B6C94 /* Debug */ = {
			isa = XCBuildConfiguration;
			buildSettings = {
				ALWAYS_EMBED_SWIFT_STANDARD_LIBRARIES = YES;
				CODE_SIGN_STYLE = Automatic;
				INFOPLIST_FILE = hw1UITests/Info.plist;
				LD_RUNPATH_SEARCH_PATHS = (
					"$(inherited)",
					"@executable_path/Frameworks",
					"@loader_path/Frameworks",
				);
				PRODUCT_BUNDLE_IDENTIFIER = "-121.hw1UITests";
				PRODUCT_NAME = "$(TARGET_NAME)";
				SWIFT_VERSION = 4.2;
				TARGETED_DEVICE_FAMILY = "1,2";
				TEST_TARGET_NAME = hw1;
			};
			name = Debug;
		};
		DBB15E1A2245C640008B6C94 /* Release */ = {
			isa = XCBuildConfiguration;
			buildSettings = {
				ALWAYS_EMBED_SWIFT_STANDARD_LIBRARIES = YES;
				CODE_SIGN_STYLE = Automatic;
				INFOPLIST_FILE = hw1UITests/Info.plist;
				LD_RUNPATH_SEARCH_PATHS = (
					"$(inherited)",
					"@executable_path/Frameworks",
					"@loader_path/Frameworks",
				);
				PRODUCT_BUNDLE_IDENTIFIER = "-121.hw1UITests";
				PRODUCT_NAME = "$(TARGET_NAME)";
				SWIFT_VERSION = 4.2;
				TARGETED_DEVICE_FAMILY = "1,2";
				TEST_TARGET_NAME = hw1;
			};
			name = Release;
		};
/* End XCBuildConfiguration section */

/* Begin XCConfigurationList section */
		DBB15DE52245C63E008B6C94 /* Build configuration list for PBXProject "hw1" */ = {
			isa = XCConfigurationList;
			buildConfigurations = (
				DBB15E102245C640008B6C94 /* Debug */,
				DBB15E112245C640008B6C94 /* Release */,
			);
			defaultConfigurationIsVisible = 0;
			defaultConfigurationName = Release;
		};
		DBB15E122245C640008B6C94 /* Build configuration list for PBXNativeTarget "hw1" */ = {
			isa = XCConfigurationList;
			buildConfigurations = (
				DBB15E132245C640008B6C94 /* Debug */,
				DBB15E142245C640008B6C94 /* Release */,
			);
			defaultConfigurationIsVisible = 0;
			defaultConfigurationName = Release;
		};
		DBB15E152245C640008B6C94 /* Build configuration list for PBXNativeTarget "hw1Tests" */ = {
			isa = XCConfigurationList;
			buildConfigurations = (
				DBB15E162245C640008B6C94 /* Debug */,
				DBB15E172245C640008B6C94 /* Release */,
			);
			defaultConfigurationIsVisible = 0;
			defaultConfigurationName = Release;
		};
		DBB15E182245C640008B6C94 /* Build configuration list for PBXNativeTarget "hw1UITests" */ = {
			isa = XCConfigurationList;
			buildConfigurations = (
				DBB15E192245C640008B6C94 /* Debug */,
				DBB15E1A2245C640008B6C94 /* Release */,
			);
			defaultConfigurationIsVisible = 0;
			defaultConfigurationName = Release;
		};
/* End XCConfigurationList section */
	};
	rootObject = DBB15DE22245C63E008B6C94 /* Project object */;
}
